
Microsoft Visual Studio Solution File, Format Version 12.00
# Visual Studio Version 17
VisualStudioVersion = 17.5.002.0
MinimumVisualStudioVersion = 10.0.40219.1
Project("{9A19103F-16F7-4668-BE54-9A1E7A4F7556}") = "Calculadora", "Calculadora.csproj", "{C08AC7CB-0A10-496C-9F3B-BF26CB8A126B}"
EndProject
Global
	GlobalSection(SolutionConfigurationPlatforms) = preSolution
		Debug|Any CPU = Debug|Any CPU
		Release|Any CPU = Release|Any CPU
	EndGlobalSection
	GlobalSection(ProjectConfigurationPlatforms) = postSolution
		{C08AC7CB-0A10-496C-9F3B-BF26CB8A126B}.Debug|Any CPU.ActiveCfg = Debug|Any CPU
		{C08AC7CB-0A10-496C-9F3B-BF26CB8A126B}.Debug|Any CPU.Build.0 = Debug|Any CPU
		{C08AC7CB-0A10-496C-9F3B-BF26CB8A126B}.Release|Any CPU.ActiveCfg = Release|Any CPU
		{C08AC7CB-0A10-496C-9F3B-BF26CB8A126B}.Release|Any CPU.Build.0 = Release|Any CPU
	EndGlobalSection
	GlobalSection(SolutionProperties) = preSolution
		HideSolutionNode = FALSE
	EndGlobalSection
	GlobalSection(ExtensibilityGlobals) = postSolution
		SolutionGuid = {085B7A71-05F9-4D0C-B0D2-C545943B80AA}
	EndGlobalSection
EndGlobal
